// !$*UTF8*$!
{
	archiveVersion = 1;
	classes = {
	};
	objectVersion = 51;
	objects = {

/* Begin PBXBuildFile section */
		3A5FC9D62C3D4BB1853B329F /* Pods_CardView.framework in Frameworks */ = {isa = PBXBuildFile; fileRef = 7F3F4BA0DCD9874A4F5BACE2 /* Pods_CardView.framework */; };
		F5F1F0012551A21000E51FF3 /* AppDelegate.swift in Sources */ = {isa = PBXBuildFile; fileRef = F5F1F0002551A21000E51FF3 /* AppDelegate.swift */; };
		F5F1F0032551A21000E51FF3 /* SceneDelegate.swift in Sources */ = {isa = PBXBuildFile; fileRef = F5F1F0022551A21000E51FF3 /* SceneDelegate.swift */; };
		F5F1F0052551A21000E51FF3 /* ViewController.swift in Sources */ = {isa = PBXBuildFile; fileRef = F5F1F0042551A21000E51FF3 /* ViewController.swift */; };
		F5F1F0082551A21000E51FF3 /* Main.storyboard in Resources */ = {isa = PBXBuildFile; fileRef = F5F1F0062551A21000E51FF3 /* Main.storyboard */; };
		F5F1F00A2551A21000E51FF3 /* Assets.xcassets in Resources */ = {isa = PBXBuildFile; fileRef = F5F1F0092551A21000E51FF3 /* Assets.xcassets */; };
		F5F1F00D2551A21000E51FF3 /* LaunchScreen.storyboard in Resources */ = {isa = PBXBuildFile; fileRef = F5F1F00B2551A21000E51FF3 /* LaunchScreen.storyboard */; };
		F5F1F0222551B7BA00E51FF3 /* BankHelper.swift in Sources */ = {isa = PBXBuildFile; fileRef = F5F1F01D2551B5DF00E51FF3 /* BankHelper.swift */; };
/* End PBXBuildFile section */

/* Begin PBXFileReference section */
		375EFE8D2CD165726FD37280 /* Pods-CardView.release.xcconfig */ = {isa = PBXFileReference; includeInIndex = 1; lastKnownFileType = text.xcconfig; name = "Pods-CardView.release.xcconfig"; path = "Target Support Files/Pods-CardView/Pods-CardView.release.xcconfig"; sourceTree = "<group>"; };
		506BB47B56478E578A674C51 /* Pods-CardView.debug.xcconfig */ = {isa = PBXFileReference; includeInIndex = 1; lastKnownFileType = text.xcconfig; name = "Pods-CardView.debug.xcconfig"; path = "Target Support Files/Pods-CardView/Pods-CardView.debug.xcconfig"; sourceTree = "<group>"; };
		7F3F4BA0DCD9874A4F5BACE2 /* Pods_CardView.framework */ = {isa = PBXFileReference; explicitFileType = wrapper.framework; includeInIndex = 0; path = Pods_CardView.framework; sourceTree = BUILT_PRODUCTS_DIR; };
		F5F1EFFD2551A21000E51FF3 /* CardView.app */ = {isa = PBXFileReference; explicitFileType = wrapper.application; includeInIndex = 0; path = CardView.app; sourceTree = BUILT_PRODUCTS_DIR; };
		F5F1F0002551A21000E51FF3 /* AppDelegate.swift */ = {isa = PBXFileReference; lastKnownFileType = sourcecode.swift; path = AppDelegate.swift; sourceTree = "<group>"; };
		F5F1F0022551A21000E51FF3 /* SceneDelegate.swift */ = {isa = PBXFileReference; lastKnownFileType = sourcecode.swift; path = SceneDelegate.swift; sourceTree = "<group>"; };
		F5F1F0042551A21000E51FF3 /* ViewController.swift */ = {isa = PBXFileReference; lastKnownFileType = sourcecode.swift; path = ViewController.swift; sourceTree = "<group>"; };
		F5F1F0072551A21000E51FF3 /* Base */ = {isa = PBXFileReference; lastKnownFileType = file.storyboard; name = Base; path = Base.lproj/Main.storyboard; sourceTree = "<group>"; };
		F5F1F0092551A21000E51FF3 /* Assets.xcassets */ = {isa = PBXFileReference; lastKnownFileType = folder.assetcatalog; path = Assets.xcassets; sourceTree = "<group>"; };
		F5F1F00C2551A21000E51FF3 /* Base */ = {isa = PBXFileReference; lastKnownFileType = file.storyboard; name = Base; path = Base.lproj/LaunchScreen.storyboard; sourceTree = "<group>"; };
		F5F1F00E2551A21000E51FF3 /* Info.plist */ = {isa = PBXFileReference; lastKnownFileType = text.plist.xml; path = Info.plist; sourceTree = "<group>"; };
		F5F1F01D2551B5DF00E51FF3 /* BankHelper.swift */ = {isa = PBXFileReference; lastKnownFileType = sourcecode.swift; path = BankHelper.swift; sourceTree = "<group>"; };
/* End PBXFileReference section */

/* Begin PBXFrameworksBuildPhase section */
		F5F1EFFA2551A21000E51FF3 /* Frameworks */ = {
			isa = PBXFrameworksBuildPhase;
			buildActionMask = 2147483647;
			files = (
				3A5FC9D62C3D4BB1853B329F /* Pods_CardView.framework in Frameworks */,
			);
			runOnlyForDeploymentPostprocessing = 0;
		};
/* End PBXFrameworksBuildPhase section */

/* Begin PBXGroup section */
		406CF517E7F722A473103676 /* Pods */ = {
			isa = PBXGroup;
			children = (
				506BB47B56478E578A674C51 /* Pods-CardView.debug.xcconfig */,
				375EFE8D2CD165726FD37280 /* Pods-CardView.release.xcconfig */,
			);
			path = Pods;
			sourceTree = "<group>";
		};
		46ED530802396593DA3A85A1 /* Frameworks */ = {
			isa = PBXGroup;
			children = (
				7F3F4BA0DCD9874A4F5BACE2 /* Pods_CardView.framework */,
			);
			name = Frameworks;
			sourceTree = "<group>";
		};
		F5F1EFF42551A21000E51FF3 = {
			isa = PBXGroup;
			children = (
				F5F1EFFF2551A21000E51FF3 /* CardView */,
				F5F1EFFE2551A21000E51FF3 /* Products */,
				406CF517E7F722A473103676 /* Pods */,
				46ED530802396593DA3A85A1 /* Frameworks */,
			);
			sourceTree = "<group>";
		};
		F5F1EFFE2551A21000E51FF3 /* Products */ = {
			isa = PBXGroup;
			children = (
				F5F1EFFD2551A21000E51FF3 /* CardView.app */,
			);
			name = Products;
			sourceTree = "<group>";
		};
		F5F1EFFF2551A21000E51FF3 /* CardView */ = {
			isa = PBXGroup;
			children = (
				F5F1F0002551A21000E51FF3 /* AppDelegate.swift */,
				F5F1F0022551A21000E51FF3 /* SceneDelegate.swift */,
				F5F1F01D2551B5DF00E51FF3 /* BankHelper.swift */,
				F5F1F0042551A21000E51FF3 /* ViewController.swift */,
				F5F1F0062551A21000E51FF3 /* Main.storyboard */,
				F5F1F0092551A21000E51FF3 /* Assets.xcassets */,
				F5F1F00B2551A21000E51FF3 /* LaunchScreen.storyboard */,
				F5F1F00E2551A21000E51FF3 /* Info.plist */,
			);
			path = CardView;
			sourceTree = "<group>";
		};
/* End PBXGroup section */

/* Begin PBXNativeTarget section */
		F5F1EFFC2551A21000E51FF3 /* CardView */ = {
			isa = PBXNativeTarget;
			buildConfigurationList = F5F1F0112551A21000E51FF3 /* Build configuration list for PBXNativeTarget "CardView" */;
			buildPhases = (
				0016A69E3CD7649FA1A21348 /* [CP] Check Pods Manifest.lock */,
				F5F1EFF92551A21000E51FF3 /* Sources */,
				F5F1EFFA2551A21000E51FF3 /* Frameworks */,
				F5F1EFFB2551A21000E51FF3 /* Resources */,
				2444D489CFF0F37EC9E6E8B9 /* [CP] Embed Pods Frameworks */,
			);
			buildRules = (
			);
			dependencies = (
			);
			name = CardView;
			productName = CardView;
			productReference = F5F1EFFD2551A21000E51FF3 /* CardView.app */;
			productType = "com.apple.product-type.application";
		};
/* End PBXNativeTarget section */

/* Begin PBXProject section */
		F5F1EFF52551A21000E51FF3 /* Project object */ = {
			isa = PBXProject;
			attributes = {
				LastSwiftUpdateCheck = 1210;
				LastUpgradeCheck = 1210;
				TargetAttributes = {
					F5F1EFFC2551A21000E51FF3 = {
						CreatedOnToolsVersion = 12.1;
					};
				};
			};
			buildConfigurationList = F5F1EFF82551A21000E51FF3 /* Build configuration list for PBXProject "CardView" */;
			compatibilityVersion = "Xcode 9.3";
			developmentRegion = en;
			hasScannedForEncodings = 0;
			knownRegions = (
				en,
				Base,
			);
			mainGroup = F5F1EFF42551A21000E51FF3;
			productRefGroup = F5F1EFFE2551A21000E51FF3 /* Products */;
			projectDirPath = "";
			projectRoot = "";
			targets = (
				F5F1EFFC2551A21000E51FF3 /* CardView */,
			);
		};
/* End PBXProject section */

/* Begin PBXResourcesBuildPhase section */
		F5F1EFFB2551A21000E51FF3 /* Resources */ = {
			isa = PBXResourcesBuildPhase;
			buildActionMask = 2147483647;
			files = (
				F5F1F00D2551A21000E51FF3 /* LaunchScreen.storyboard in Resources */,
				F5F1F00A2551A21000E51FF3 /* Assets.xcassets in Resources */,
				F5F1F0082551A21000E51FF3 /* Main.storyboard in Resources */,
			);
			runOnlyForDeploymentPostprocessing = 0;
		};
/* End PBXResourcesBuildPhase section */

/* Begin PBXShellScriptBuildPhase section */
		0016A69E3CD7649FA1A21348 /* [CP] Check Pods Manifest.lock */ = {
			isa = PBXShellScriptBuildPhase;
			buildActionMask = 2147483647;
			files = (
			);
			inputFileListPaths = (
			);
			inputPaths = (
				"${PODS_PODFILE_DIR_PATH}/Podfile.lock",
				"${PODS_ROOT}/Manifest.lock",
			);
			name = "[CP] Check Pods Manifest.lock";
			outputFileListPaths = (
			);
			outputPaths = (
				"$(DERIVED_FILE_DIR)/Pods-CardView-checkManifestLockResult.txt",
			);
			runOnlyForDeploymentPostprocessing = 0;
			shellPath = /bin/sh;
			shellScript = "diff \"${PODS_PODFILE_DIR_PATH}/Podfile.lock\" \"${PODS_ROOT}/Manifest.lock\" > /dev/null\nif [ $? != 0 ] ; then\n    # print error to STDERR\n    echo \"error: The sandbox is not in sync with the Podfile.lock. Run 'pod install' or update your CocoaPods installation.\" >&2\n    exit 1\nfi\n# This output is used by Xcode 'outputs' to avoid re-running this script phase.\necho \"SUCCESS\" > \"${SCRIPT_OUTPUT_FILE_0}\"\n";
			showEnvVarsInLog = 0;
		};
		2444D489CFF0F37EC9E6E8B9 /* [CP] Embed Pods Frameworks */ = {
			isa = PBXShellScriptBuildPhase;
			buildActionMask = 2147483647;
			files = (
			);
			inputFileListPaths = (
				"${PODS_ROOT}/Target Support Files/Pods-CardView/Pods-CardView-frameworks-${CONFIGURATION}-input-files.xcfilelist",
			);
			name = "[CP] Embed Pods Frameworks";
			outputFileListPaths = (
				"${PODS_ROOT}/Target Support Files/Pods-CardView/Pods-CardView-frameworks-${CONFIGURATION}-output-files.xcfilelist",
			);
			runOnlyForDeploymentPostprocessing = 0;
			shellPath = /bin/sh;
			shellScript = "\"${PODS_ROOT}/Target Support Files/Pods-CardView/Pods-CardView-frameworks.sh\"\n";
			showEnvVarsInLog = 0;
		};
/* End PBXShellScriptBuildPhase section */

/* Begin PBXSourcesBuildPhase section */
		F5F1EFF92551A21000E51FF3 /* Sources */ = {
			isa = PBXSourcesBuildPhase;
			buildActionMask = 2147483647;
			files = (
				F5F1F0222551B7BA00E51FF3 /* BankHelper.swift in Sources */,
				F5F1F0052551A21000E51FF3 /* ViewController.swift in Sources */,
				F5F1F0012551A21000E51FF3 /* AppDelegate.swift in Sources */,
				F5F1F0032551A21000E51FF3 /* SceneDelegate.swift in Sources */,
			);
			runOnlyForDeploymentPostprocessing = 0;
		};
/* End PBXSourcesBuildPhase section */

/* Begin PBXVariantGroup section */
		F5F1F0062551A21000E51FF3 /* Main.storyboard */ = {
			isa = PBXVariantGroup;
			children = (
				F5F1F0072551A21000E51FF3 /* Base */,
			);
			name = Main.storyboard;
			sourceTree = "<group>";
		};
		F5F1F00B2551A21000E51FF3 /* LaunchScreen.storyboard */ = {
			isa = PBXVariantGroup;
			children = (
				F5F1F00C2551A21000E51FF3 /* Base */,
			);
			name = LaunchScreen.storyboard;
			sourceTree = "<group>";
		};
/* End PBXVariantGroup section */

/* Begin XCBuildConfiguration section */
		F5F1F00F2551A21000E51FF3 /* Debug */ = {
			isa = XCBuildConfiguration;
			buildSettings = {
				ALWAYS_SEARCH_USER_PATHS = NO;
				CLANG_ANALYZER_NONNULL = YES;
				CLANG_ANALYZER_NUMBER_OBJECT_CONVERSION = YES_AGGRESSIVE;
				CLANG_CXX_LANGUAGE_STANDARD = "gnu++14";
				CLANG_CXX_LIBRARY = "libc++";
				CLANG_ENABLE_MODULES = YES;
				CLANG_ENABLE_OBJC_ARC = YES;
				CLANG_ENABLE_OBJC_WEAK = YES;
				CLANG_WARN_BLOCK_CAPTURE_AUTORELEASING = YES;
				CLANG_WARN_BOOL_CONVERSION = YES;
				CLANG_WARN_COMMA = YES;
				CLANG_WARN_CONSTANT_CONVERSION = YES;
				CLANG_WARN_DEPRECATED_OBJC_IMPLEMENTATIONS = YES;
				CLANG_WARN_DIRECT_OBJC_ISA_USAGE = YES_ERROR;
				CLANG_WARN_DOCUMENTATION_COMMENTS = YES;
				CLANG_WARN_EMPTY_BODY = YES;
				CLANG_WARN_ENUM_CONVERSION = YES;
				CLANG_WARN_INFINITE_RECURSION = YES;
				CLANG_WARN_INT_CONVERSION = YES;
				CLANG_WARN_NON_LITERAL_NULL_CONVERSION = YES;
				CLANG_WARN_OBJC_IMPLICIT_RETAIN_SELF = YES;
				CLANG_WARN_OBJC_LITERAL_CONVERSION = YES;
				CLANG_WARN_OBJC_ROOT_CLASS = YES_ERROR;
				CLANG_WARN_QUOTED_INCLUDE_IN_FRAMEWORK_HEADER = YES;
				CLANG_WARN_RANGE_LOOP_ANALYSIS = YES;
				CLANG_WARN_STRICT_PROTOTYPES = YES;
				CLANG_WARN_SUSPICIOUS_MOVE = YES;
				CLANG_WARN_UNGUARDED_AVAILABILITY = YES_AGGRESSIVE;
				CLANG_WARN_UNREACHABLE_CODE = YES;
				CLANG_WARN__DUPLICATE_METHOD_MATCH = YES;
				COPY_PHASE_STRIP = NO;
				DEBUG_INFORMATION_FORMAT = dwarf;
				ENABLE_STRICT_OBJC_MSGSEND = YES;
				ENABLE_TESTABILITY = YES;
				GCC_C_LANGUAGE_STANDARD = gnu11;
				GCC_DYNAMIC_NO_PIC = NO;
				GCC_NO_COMMON_BLOCKS = YES;
				GCC_OPTIMIZATION_LEVEL = 0;
				GCC_PREPROCESSOR_DEFINITIONS = (
					"DEBUG=1",
					"$(inherited)",
				);
				GCC_WARN_64_TO_32_BIT_CONVERSION = YES;
				GCC_WARN_ABOUT_RETURN_TYPE = YES_ERROR;
				GCC_WARN_UNDECLARED_SELECTOR = YES;
				GCC_WARN_UNINITIALIZED_AUTOS = YES_AGGRESSIVE;
				GCC_WARN_UNUSED_FUNCTION = YES;
				GCC_WARN_UNUSED_VARIABLE = YES;
				IPHONEOS_DEPLOYMENT_TARGET = 14.1;
				MTL_ENABLE_DEBUG_INFO = INCLUDE_SOURCE;
				MTL_FAST_MATH = YES;
				ONLY_ACTIVE_ARCH = YES;
				SDKROOT = iphoneos;
				SWIFT_ACTIVE_COMPILATION_CONDITIONS = DEBUG;
				SWIFT_OPTIMIZATION_LEVEL = "-Onone";
			};
			name = Debug;
		};
		F5F1F0102551A21000E51FF3 /* Release */ = {
			isa = XCBuildConfiguration;
			buildSettings = {
				ALWAYS_SEARCH_USER_PATHS = NO;
				CLANG_ANALYZER_NONNULL = YES;
				CLANG_ANALYZER_NUMBER_OBJECT_CONVERSION = YES_AGGRESSIVE;
				CLANG_CXX_LANGUAGE_STANDARD = "gnu++14";
				CLANG_CXX_LIBRARY = "libc++";
				CLANG_ENABLE_MODULES = YES;
				CLANG_ENABLE_OBJC_ARC = YES;
				CLANG_ENABLE_OBJC_WEAK = YES;
				CLANG_WARN_BLOCK_CAPTURE_AUTORELEASING = YES;
				CLANG_WARN_BOOL_CONVERSION = YES;
				CLANG_WARN_COMMA = YES;
				CLANG_WARN_CONSTANT_CONVERSION = YES;
				CLANG_WARN_DEPRECATED_OBJC_IMPLEMENTATIONS = YES;
				CLANG_WARN_DIRECT_OBJC_ISA_USAGE = YES_ERROR;
				CLANG_WARN_DOCUMENTATION_COMMENTS = YES;
				CLANG_WARN_EMPTY_BODY = YES;
				CLANG_WARN_ENUM_CONVERSION = YES;
				CLANG_WARN_INFINITE_RECURSION = YES;
				CLANG_WARN_INT_CONVERSION = YES;
				CLANG_WARN_NON_LITERAL_NULL_CONVERSION = YES;
				CLANG_WARN_OBJC_IMPLICIT_RETAIN_SELF = YES;
				CLANG_WARN_OBJC_LITERAL_CONVERSION = YES;
				CLANG_WARN_OBJC_ROOT_CLASS = YES_ERROR;
				CLANG_WARN_QUOTED_INCLUDE_IN_FRAMEWORK_HEADER = YES;
				CLANG_WARN_RANGE_LOOP_ANALYSIS = YES;
				CLANG_WARN_STRICT_PROTOTYPES = YES;
				CLANG_WARN_SUSPICIOUS_MOVE = YES;
				CLANG_WARN_UNGUARDED_AVAILABILITY = YES_AGGRESSIVE;
				CLANG_WARN_UNREACHABLE_CODE = YES;
				CLANG_WARN__DUPLICATE_METHOD_MATCH = YES;
				COPY_PHASE_STRIP = NO;
				DEBUG_INFORMATION_FORMAT = "dwarf-with-dsym";
				ENABLE_NS_ASSERTIONS = NO;
				ENABLE_STRICT_OBJC_MSGSEND = YES;
				GCC_C_LANGUAGE_STANDARD = gnu11;
				GCC_NO_COMMON_BLOCKS = YES;
				GCC_WARN_64_TO_32_BIT_CONVERSION = YES;
				GCC_WARN_ABOUT_RETURN_TYPE = YES_ERROR;
				GCC_WARN_UNDECLARED_SELECTOR = YES;
				GCC_WARN_UNINITIALIZED_AUTOS = YES_AGGRESSIVE;
				GCC_WARN_UNUSED_FUNCTION = YES;
				GCC_WARN_UNUSED_VARIABLE = YES;
				IPHONEOS_DEPLOYMENT_TARGET = 14.1;
				MTL_ENABLE_DEBUG_INFO = NO;
				MTL_FAST_MATH = YES;
				SDKROOT = iphoneos;
				SWIFT_COMPILATION_MODE = wholemodule;
				SWIFT_OPTIMIZATION_LEVEL = "-O";
				VALIDATE_PRODUCT = YES;
			};
			name = Release;
		};
		F5F1F0122551A21000E51FF3 /* Debug */ = {
			isa = XCBuildConfiguration;
			baseConfigurationReference = 506BB47B56478E578A674C51 /* Pods-CardView.debug.xcconfig */;
			buildSettings = {
				ASSETCATALOG_COMPILER_APPICON_NAME = AppIcon;
				ASSETCATALOG_COMPILER_GLOBAL_ACCENT_COLOR_NAME = AccentColor;
				CODE_SIGN_STYLE = Automatic;
				DEVELOPMENT_TEAM = AJLMAG95WU;
				INFOPLIST_FILE = CardView/Info.plist;
				IPHONEOS_DEPLOYMENT_TARGET = 13.0;
				LD_RUNPATH_SEARCH_PATHS = (
					"$(inherited)",
					"@executable_path/Frameworks",
				);
				PRODUCT_BUNDLE_IDENTIFIER = com.toghyiani.alireza.CardView;
				PRODUCT_NAME = "$(TARGET_NAME)";
				SWIFT_VERSION = 5.0;
				TARGETED_DEVICE_FAMILY = "1,2";
			};
			name = Debug;
		};
		F5F1F0132551A21000E51FF3 /* Release */ = {
			isa = XCBuildConfiguration;
			baseConfigurationReference = 375EFE8D2CD165726FD37280 /* Pods-CardView.release.xcconfig */;
			buildSettings = {
				ASSETCATALOG_COMPILER_APPICON_NAME = AppIcon;
				ASSETCATALOG_COMPILER_GLOBAL_ACCENT_COLOR_NAME = AccentColor;
				CODE_SIGN_STYLE = Automatic;
				DEVELOPMENT_TEAM = AJLMAG95WU;
				INFOPLIST_FILE = CardView/Info.plist;
				IPHONEOS_DEPLOYMENT_TARGET = 13.0;
				LD_RUNPATH_SEARCH_PATHS = (
					"$(inherited)",
					"@executable_path/Frameworks",
				);
				PRODUCT_BUNDLE_IDENTIFIER = com.toghyiani.alireza.CardView;
				PRODUCT_NAME = "$(TARGET_NAME)";
				SWIFT_VERSION = 5.0;
				TARGETED_DEVICE_FAMILY = "1,2";
			};
			name = Release;
		};
/* End XCBuildConfiguration section */

/* Begin XCConfigurationList section */
		F5F1EFF82551A21000E51FF3 /* Build configuration list for PBXProject "CardView" */ = {
			isa = XCConfigurationList;
			buildConfigurations = (
				F5F1F00F2551A21000E51FF3 /* Debug */,
				F5F1F0102551A21000E51FF3 /* Release */,
			);
			defaultConfigurationIsVisible = 0;
			defaultConfigurationName = Release;
		};
		F5F1F0112551A21000E51FF3 /* Build configuration list for PBXNativeTarget "CardView" */ = {
			isa = XCConfigurationList;
			buildConfigurations = (
				F5F1F0122551A21000E51FF3 /* Debug */,
				F5F1F0132551A21000E51FF3 /* Release */,
			);
			defaultConfigurationIsVisible = 0;
			defaultConfigurationName = Release;
		};
/* End XCConfigurationList section */
	};
	rootObject = F5F1EFF52551A21000E51FF3 /* Project object */;
}
